
Microsoft Visual Studio Solution File, Format Version 12.00
# Visual Studio Version 16
VisualStudioVersion = 16.0.31729.503
MinimumVisualStudioVersion = 10.0.40219.1
Project("{FAE04EC0-301F-11D3-BF4B-00C04F79EFBC}") = "ASM", "ASM\ASM.csproj", "{F7983E35-3608-47E8-84CB-1BCA370673F8}"
EndProject
Global
	GlobalSection(SolutionConfigurationPlatforms) = preSolution
		Debug|Any CPU = Debug|Any CPU
		Release|Any CPU = Release|Any CPU
	EndGlobalSection
	GlobalSection(ProjectConfigurationPlatforms) = postSolution
		{F7983E35-3608-47E8-84CB-1BCA370673F8}.Debug|Any CPU.ActiveCfg = Debug|Any CPU
		{F7983E35-3608-47E8-84CB-1BCA370673F8}.Debug|Any CPU.Build.0 = Debug|Any CPU
		{F7983E35-3608-47E8-84CB-1BCA370673F8}.Release|Any CPU.ActiveCfg = Release|Any CPU
		{F7983E35-3608-47E8-84CB-1BCA370673F8}.Release|Any CPU.Build.0 = Release|Any CPU
	EndGlobalSection
	GlobalSection(SolutionProperties) = preSolution
		HideSolutionNode = FALSE
	EndGlobalSection
	GlobalSection(ExtensibilityGlobals) = postSolution
		SolutionGuid = {C05EFF9A-D9BC-430E-9160-F5E8857C660F}
	EndGlobalSection
EndGlobal
